// !$*UTF8*$!
{
	archiveVersion = 1;
	classes = {
	};
	objectVersion = 55;
	objects = {

/* Begin PBXBuildFile section */
		38977DD43695238A99C85310 /* Pods_RssReader.framework in Frameworks */ = {isa = PBXBuildFile; fileRef = FA0A3C9D83200CB7097A28DC /* Pods_RssReader.framework */; };
		80128D682978E94E0054C6BD /* AlertFormView.swift in Sources */ = {isa = PBXBuildFile; fileRef = 80128D672978E94E0054C6BD /* AlertFormView.swift */; };
		80128D6A2978EFF30054C6BD /* Modifiers.swift in Sources */ = {isa = PBXBuildFile; fileRef = 80128D692978EFF30054C6BD /* Modifiers.swift */; };
		8053FE052970691400AE6EB4 /* LoginView.swift in Sources */ = {isa = PBXBuildFile; fileRef = 8053FE042970691400AE6EB4 /* LoginView.swift */; };
		8053FE07297089A600AE6EB4 /* HomeView.swift in Sources */ = {isa = PBXBuildFile; fileRef = 8053FE06297089A600AE6EB4 /* HomeView.swift */; };
		80883C6C2980770400BCECC6 /* EmailTextField.swift in Sources */ = {isa = PBXBuildFile; fileRef = 80883C6B2980770400BCECC6 /* EmailTextField.swift */; };
		80883C6E2980816A00BCECC6 /* PasswordTextField.swift in Sources */ = {isa = PBXBuildFile; fileRef = 80883C6D2980816A00BCECC6 /* PasswordTextField.swift */; };
		80883C702981AD9A00BCECC6 /* UserFormView.swift in Sources */ = {isa = PBXBuildFile; fileRef = 80883C6F2981AD9A00BCECC6 /* UserFormView.swift */; };
		80883C722981BD8100BCECC6 /* LoginViewModel.swift in Sources */ = {isa = PBXBuildFile; fileRef = 80883C712981BD8100BCECC6 /* LoginViewModel.swift */; };
		808A8A882979C06A00332431 /* RootModalView.swift in Sources */ = {isa = PBXBuildFile; fileRef = 808A8A872979C06A00332431 /* RootModalView.swift */; };
		808A8A8A2979D38600332431 /* ModalStore.swift in Sources */ = {isa = PBXBuildFile; fileRef = 808A8A892979D38600332431 /* ModalStore.swift */; };
		808A8A8F2979EB8700332431 /* HomeFeedView.swift in Sources */ = {isa = PBXBuildFile; fileRef = 808A8A8E2979EB8700332431 /* HomeFeedView.swift */; };
		808A8A91297B1A6100332431 /* URL+Extension.swift in Sources */ = {isa = PBXBuildFile; fileRef = 808A8A90297B1A6100332431 /* URL+Extension.swift */; };
		808A8A93297B1D1700332431 /* FeedDTOs.swift in Sources */ = {isa = PBXBuildFile; fileRef = 808A8A92297B1D1700332431 /* FeedDTOs.swift */; };
		808A8A97297F7A1400332431 /* ArticleFeedView.swift in Sources */ = {isa = PBXBuildFile; fileRef = 808A8A96297F7A1400332431 /* ArticleFeedView.swift */; };
		808A8A992980261200332431 /* ArticleFeedViewModel.swift in Sources */ = {isa = PBXBuildFile; fileRef = 808A8A982980261200332431 /* ArticleFeedViewModel.swift */; };
		809FD94B2980339C0054D45D /* ArticleView.swift in Sources */ = {isa = PBXBuildFile; fileRef = 809FD94A2980339C0054D45D /* ArticleView.swift */; };
		809FD94D2980383E0054D45D /* WebView.swift in Sources */ = {isa = PBXBuildFile; fileRef = 809FD94C2980383E0054D45D /* WebView.swift */; };
		809FD94F2980614D0054D45D /* ActionButtonView.swift in Sources */ = {isa = PBXBuildFile; fileRef = 809FD94E2980614D0054D45D /* ActionButtonView.swift */; };
		809FD951298066630054D45D /* BrandColors.swift in Sources */ = {isa = PBXBuildFile; fileRef = 809FD950298066630054D45D /* BrandColors.swift */; };
		80DFAD5129772B7C006BAED6 /* SignUpMessage.swift in Sources */ = {isa = PBXBuildFile; fileRef = 80DFAD5029772B7C006BAED6 /* SignUpMessage.swift */; };
		80DFAD5A29772FB9006BAED6 /* ArticleModel.swift in Sources */ = {isa = PBXBuildFile; fileRef = 80DFAD5929772FB9006BAED6 /* ArticleModel.swift */; };
		80DFAD5C29773B7B006BAED6 /* HomeHeaderView.swift in Sources */ = {isa = PBXBuildFile; fileRef = 80DFAD5B29773B7B006BAED6 /* HomeHeaderView.swift */; };
		80DFAD5E29773CE9006BAED6 /* FeedView.swift in Sources */ = {isa = PBXBuildFile; fileRef = 80DFAD5D29773CE9006BAED6 /* FeedView.swift */; };
		80FC8732296E00380060D735 /* RssReaderApp.swift in Sources */ = {isa = PBXBuildFile; fileRef = 80FC8731296E00380060D735 /* RssReaderApp.swift */; };
		80FC8734296E00380060D735 /* ContentView.swift in Sources */ = {isa = PBXBuildFile; fileRef = 80FC8733296E00380060D735 /* ContentView.swift */; };
		80FC8736296E00390060D735 /* Assets.xcassets in Resources */ = {isa = PBXBuildFile; fileRef = 80FC8735296E00390060D735 /* Assets.xcassets */; };
		80FC8739296E00390060D735 /* Preview Assets.xcassets in Resources */ = {isa = PBXBuildFile; fileRef = 80FC8738296E00390060D735 /* Preview Assets.xcassets */; };
		80FC8740296E005A0060D735 /* RSSFeedModel.swift in Sources */ = {isa = PBXBuildFile; fileRef = 80FC873F296E005A0060D735 /* RSSFeedModel.swift */; };
		80FC8743296E01730060D735 /* FeedViewModel.swift in Sources */ = {isa = PBXBuildFile; fileRef = 80FC8742296E01730060D735 /* FeedViewModel.swift */; };
		80FC8745296E065F0060D735 /* Network.swift in Sources */ = {isa = PBXBuildFile; fileRef = 80FC8744296E065F0060D735 /* Network.swift */; };
		80FC8748296E0A0C0060D735 /* Authentication.swift in Sources */ = {isa = PBXBuildFile; fileRef = 80FC8747296E0A0C0060D735 /* Authentication.swift */; };
		80FC874A296E0AC00060D735 /* User.swift in Sources */ = {isa = PBXBuildFile; fileRef = 80FC8749296E0AC00060D735 /* User.swift */; };
		80FC874C296E108F0060D735 /* JsonWebTokenStore.swift in Sources */ = {isa = PBXBuildFile; fileRef = 80FC874B296E108F0060D735 /* JsonWebTokenStore.swift */; };
/* End PBXBuildFile section */

/* Begin PBXFileReference section */
		80128D672978E94E0054C6BD /* AlertFormView.swift */ = {isa = PBXFileReference; lastKnownFileType = sourcecode.swift; path = AlertFormView.swift; sourceTree = "<group>"; };
		80128D692978EFF30054C6BD /* Modifiers.swift */ = {isa = PBXFileReference; lastKnownFileType = sourcecode.swift; path = Modifiers.swift; sourceTree = "<group>"; };
		8053FE042970691400AE6EB4 /* LoginView.swift */ = {isa = PBXFileReference; lastKnownFileType = sourcecode.swift; path = LoginView.swift; sourceTree = "<group>"; };
		8053FE06297089A600AE6EB4 /* HomeView.swift */ = {isa = PBXFileReference; lastKnownFileType = sourcecode.swift; path = HomeView.swift; sourceTree = "<group>"; };
		80883C6B2980770400BCECC6 /* EmailTextField.swift */ = {isa = PBXFileReference; lastKnownFileType = sourcecode.swift; path = EmailTextField.swift; sourceTree = "<group>"; };
		80883C6D2980816A00BCECC6 /* PasswordTextField.swift */ = {isa = PBXFileReference; lastKnownFileType = sourcecode.swift; path = PasswordTextField.swift; sourceTree = "<group>"; };
		80883C6F2981AD9A00BCECC6 /* UserFormView.swift */ = {isa = PBXFileReference; lastKnownFileType = sourcecode.swift; path = UserFormView.swift; sourceTree = "<group>"; };
		80883C712981BD8100BCECC6 /* LoginViewModel.swift */ = {isa = PBXFileReference; lastKnownFileType = sourcecode.swift; path = LoginViewModel.swift; sourceTree = "<group>"; };
		808A8A872979C06A00332431 /* RootModalView.swift */ = {isa = PBXFileReference; lastKnownFileType = sourcecode.swift; path = RootModalView.swift; sourceTree = "<group>"; };
		808A8A892979D38600332431 /* ModalStore.swift */ = {isa = PBXFileReference; lastKnownFileType = sourcecode.swift; path = ModalStore.swift; sourceTree = "<group>"; };
		808A8A8E2979EB8700332431 /* HomeFeedView.swift */ = {isa = PBXFileReference; lastKnownFileType = sourcecode.swift; path = HomeFeedView.swift; sourceTree = "<group>"; };
		808A8A90297B1A6100332431 /* URL+Extension.swift */ = {isa = PBXFileReference; lastKnownFileType = sourcecode.swift; path = "URL+Extension.swift"; sourceTree = "<group>"; };
		808A8A92297B1D1700332431 /* FeedDTOs.swift */ = {isa = PBXFileReference; lastKnownFileType = sourcecode.swift; path = FeedDTOs.swift; sourceTree = "<group>"; };
		808A8A96297F7A1400332431 /* ArticleFeedView.swift */ = {isa = PBXFileReference; lastKnownFileType = sourcecode.swift; path = ArticleFeedView.swift; sourceTree = "<group>"; };
		808A8A982980261200332431 /* ArticleFeedViewModel.swift */ = {isa = PBXFileReference; lastKnownFileType = sourcecode.swift; path = ArticleFeedViewModel.swift; sourceTree = "<group>"; };
		809FD94A2980339C0054D45D /* ArticleView.swift */ = {isa = PBXFileReference; lastKnownFileType = sourcecode.swift; path = ArticleView.swift; sourceTree = "<group>"; };
		809FD94C2980383E0054D45D /* WebView.swift */ = {isa = PBXFileReference; lastKnownFileType = sourcecode.swift; path = WebView.swift; sourceTree = "<group>"; };
		809FD94E2980614D0054D45D /* ActionButtonView.swift */ = {isa = PBXFileReference; lastKnownFileType = sourcecode.swift; path = ActionButtonView.swift; sourceTree = "<group>"; };
		809FD950298066630054D45D /* BrandColors.swift */ = {isa = PBXFileReference; lastKnownFileType = sourcecode.swift; path = BrandColors.swift; sourceTree = "<group>"; };
		80DFAD5029772B7C006BAED6 /* SignUpMessage.swift */ = {isa = PBXFileReference; lastKnownFileType = sourcecode.swift; path = SignUpMessage.swift; sourceTree = "<group>"; };
		80DFAD5929772FB9006BAED6 /* ArticleModel.swift */ = {isa = PBXFileReference; lastKnownFileType = sourcecode.swift; path = ArticleModel.swift; sourceTree = "<group>"; };
		80DFAD5B29773B7B006BAED6 /* HomeHeaderView.swift */ = {isa = PBXFileReference; lastKnownFileType = sourcecode.swift; path = HomeHeaderView.swift; sourceTree = "<group>"; };
		80DFAD5D29773CE9006BAED6 /* FeedView.swift */ = {isa = PBXFileReference; lastKnownFileType = sourcecode.swift; path = FeedView.swift; sourceTree = "<group>"; };
		80F635EB296F277500F9D7DA /* Info.plist */ = {isa = PBXFileReference; lastKnownFileType = text.plist; path = Info.plist; sourceTree = "<group>"; };
		80FC872E296E00380060D735 /* RssReader.app */ = {isa = PBXFileReference; explicitFileType = wrapper.application; includeInIndex = 0; path = RssReader.app; sourceTree = BUILT_PRODUCTS_DIR; };
		80FC8731296E00380060D735 /* RssReaderApp.swift */ = {isa = PBXFileReference; lastKnownFileType = sourcecode.swift; path = RssReaderApp.swift; sourceTree = "<group>"; };
		80FC8733296E00380060D735 /* ContentView.swift */ = {isa = PBXFileReference; lastKnownFileType = sourcecode.swift; path = ContentView.swift; sourceTree = "<group>"; };
		80FC8735296E00390060D735 /* Assets.xcassets */ = {isa = PBXFileReference; lastKnownFileType = folder.assetcatalog; path = Assets.xcassets; sourceTree = "<group>"; };
		80FC8738296E00390060D735 /* Preview Assets.xcassets */ = {isa = PBXFileReference; lastKnownFileType = folder.assetcatalog; path = "Preview Assets.xcassets"; sourceTree = "<group>"; };
		80FC873F296E005A0060D735 /* RSSFeedModel.swift */ = {isa = PBXFileReference; lastKnownFileType = sourcecode.swift; path = RSSFeedModel.swift; sourceTree = "<group>"; };
		80FC8742296E01730060D735 /* FeedViewModel.swift */ = {isa = PBXFileReference; lastKnownFileType = sourcecode.swift; path = FeedViewModel.swift; sourceTree = "<group>"; };
		80FC8744296E065F0060D735 /* Network.swift */ = {isa = PBXFileReference; lastKnownFileType = sourcecode.swift; path = Network.swift; sourceTree = "<group>"; };
		80FC8747296E0A0C0060D735 /* Authentication.swift */ = {isa = PBXFileReference; lastKnownFileType = sourcecode.swift; path = Authentication.swift; sourceTree = "<group>"; };
		80FC8749296E0AC00060D735 /* User.swift */ = {isa = PBXFileReference; lastKnownFileType = sourcecode.swift; path = User.swift; sourceTree = "<group>"; };
		80FC874B296E108F0060D735 /* JsonWebTokenStore.swift */ = {isa = PBXFileReference; lastKnownFileType = sourcecode.swift; path = JsonWebTokenStore.swift; sourceTree = "<group>"; };
		A05D1785074F8DA7212A59AF /* Pods-RssReader.release.xcconfig */ = {isa = PBXFileReference; includeInIndex = 1; lastKnownFileType = text.xcconfig; name = "Pods-RssReader.release.xcconfig"; path = "Target Support Files/Pods-RssReader/Pods-RssReader.release.xcconfig"; sourceTree = "<group>"; };
		F84E0D896D83B92D2C6BE79B /* Pods-RssReader.debug.xcconfig */ = {isa = PBXFileReference; includeInIndex = 1; lastKnownFileType = text.xcconfig; name = "Pods-RssReader.debug.xcconfig"; path = "Target Support Files/Pods-RssReader/Pods-RssReader.debug.xcconfig"; sourceTree = "<group>"; };
		FA0A3C9D83200CB7097A28DC /* Pods_RssReader.framework */ = {isa = PBXFileReference; explicitFileType = wrapper.framework; includeInIndex = 0; path = Pods_RssReader.framework; sourceTree = BUILT_PRODUCTS_DIR; };
/* End PBXFileReference section */

/* Begin PBXFrameworksBuildPhase section */
		80FC872B296E00380060D735 /* Frameworks */ = {
			isa = PBXFrameworksBuildPhase;
			buildActionMask = 2147483647;
			files = (
				38977DD43695238A99C85310 /* Pods_RssReader.framework in Frameworks */,
			);
			runOnlyForDeploymentPostprocessing = 0;
		};
/* End PBXFrameworksBuildPhase section */

/* Begin PBXGroup section */
		80DFAD5229772E16006BAED6 /* Model */ = {
			isa = PBXGroup;
			children = (
				80FC8749296E0AC00060D735 /* User.swift */,
				80DFAD5029772B7C006BAED6 /* SignUpMessage.swift */,
			);
			path = Model;
			sourceTree = "<group>";
		};
		80DFAD5329772E31006BAED6 /* ViewModel */ = {
			isa = PBXGroup;
			children = (
				80FC8747296E0A0C0060D735 /* Authentication.swift */,
				80883C712981BD8100BCECC6 /* LoginViewModel.swift */,
			);
			path = ViewModel;
			sourceTree = "<group>";
		};
		80DFAD5429772E38006BAED6 /* View */ = {
			isa = PBXGroup;
			children = (
				8053FE042970691400AE6EB4 /* LoginView.swift */,
				809FD94E2980614D0054D45D /* ActionButtonView.swift */,
				80883C6B2980770400BCECC6 /* EmailTextField.swift */,
				80883C6D2980816A00BCECC6 /* PasswordTextField.swift */,
				80883C6F2981AD9A00BCECC6 /* UserFormView.swift */,
			);
			path = View;
			sourceTree = "<group>";
		};
		80DFAD5529772E4D006BAED6 /* Utility */ = {
			isa = PBXGroup;
			children = (
				80FC8744296E065F0060D735 /* Network.swift */,
				80FC874B296E108F0060D735 /* JsonWebTokenStore.swift */,
				80128D692978EFF30054C6BD /* Modifiers.swift */,
				808A8A872979C06A00332431 /* RootModalView.swift */,
				808A8A892979D38600332431 /* ModalStore.swift */,
				808A8A90297B1A6100332431 /* URL+Extension.swift */,
				809FD950298066630054D45D /* BrandColors.swift */,
			);
			path = Utility;
			sourceTree = "<group>";
		};
		80DFAD5629772EC2006BAED6 /* View */ = {
			isa = PBXGroup;
			children = (
				8053FE06297089A600AE6EB4 /* HomeView.swift */,
				80DFAD5B29773B7B006BAED6 /* HomeHeaderView.swift */,
				80DFAD5D29773CE9006BAED6 /* FeedView.swift */,
				80128D672978E94E0054C6BD /* AlertFormView.swift */,
				808A8A8E2979EB8700332431 /* HomeFeedView.swift */,
				808A8A96297F7A1400332431 /* ArticleFeedView.swift */,
				809FD94A2980339C0054D45D /* ArticleView.swift */,
				809FD94C2980383E0054D45D /* WebView.swift */,
			);
			path = View;
			sourceTree = "<group>";
		};
		80DFAD5729772ED4006BAED6 /* ViewModel */ = {
			isa = PBXGroup;
			children = (
				80FC8742296E01730060D735 /* FeedViewModel.swift */,
				808A8A982980261200332431 /* ArticleFeedViewModel.swift */,
			);
			path = ViewModel;
			sourceTree = "<group>";
		};
		80DFAD5829772EDF006BAED6 /* Model */ = {
			isa = PBXGroup;
			children = (
				80FC873F296E005A0060D735 /* RSSFeedModel.swift */,
				80DFAD5929772FB9006BAED6 /* ArticleModel.swift */,
				808A8A92297B1D1700332431 /* FeedDTOs.swift */,
			);
			path = Model;
			sourceTree = "<group>";
		};
		80FC8725296E00380060D735 = {
			isa = PBXGroup;
			children = (
				80FC8730296E00380060D735 /* RssReader */,
				80FC872F296E00380060D735 /* Products */,
				EF3603B9B3D57F2371108C33 /* Pods */,
				953D705A8B7C89A67C929A5B /* Frameworks */,
			);
			sourceTree = "<group>";
		};
		80FC872F296E00380060D735 /* Products */ = {
			isa = PBXGroup;
			children = (
				80FC872E296E00380060D735 /* RssReader.app */,
			);
			name = Products;
			sourceTree = "<group>";
		};
		80FC8730296E00380060D735 /* RssReader */ = {
			isa = PBXGroup;
			children = (
				80F635EB296F277500F9D7DA /* Info.plist */,
				80FC8731296E00380060D735 /* RssReaderApp.swift */,
				80FC8733296E00380060D735 /* ContentView.swift */,
				80DFAD5529772E4D006BAED6 /* Utility */,
				80FC8746296E09E30060D735 /* Authentication */,
				80FC8735296E00390060D735 /* Assets.xcassets */,
				80FC8737296E00390060D735 /* Preview Content */,
				80FC8741296E01560060D735 /* RssFeed */,
			);
			path = RssReader;
			sourceTree = "<group>";
		};
		80FC8737296E00390060D735 /* Preview Content */ = {
			isa = PBXGroup;
			children = (
				80FC8738296E00390060D735 /* Preview Assets.xcassets */,
			);
			path = "Preview Content";
			sourceTree = "<group>";
		};
		80FC8741296E01560060D735 /* RssFeed */ = {
			isa = PBXGroup;
			children = (
				80DFAD5629772EC2006BAED6 /* View */,
				80DFAD5729772ED4006BAED6 /* ViewModel */,
				80DFAD5829772EDF006BAED6 /* Model */,
			);
			path = RssFeed;
			sourceTree = "<group>";
		};
		80FC8746296E09E30060D735 /* Authentication */ = {
			isa = PBXGroup;
			children = (
				80DFAD5429772E38006BAED6 /* View */,
				80DFAD5329772E31006BAED6 /* ViewModel */,
				80DFAD5229772E16006BAED6 /* Model */,
			);
			path = Authentication;
			sourceTree = "<group>";
		};
		953D705A8B7C89A67C929A5B /* Frameworks */ = {
			isa = PBXGroup;
			children = (
				FA0A3C9D83200CB7097A28DC /* Pods_RssReader.framework */,
			);
			name = Frameworks;
			sourceTree = "<group>";
		};
		EF3603B9B3D57F2371108C33 /* Pods */ = {
			isa = PBXGroup;
			children = (
				F84E0D896D83B92D2C6BE79B /* Pods-RssReader.debug.xcconfig */,
				A05D1785074F8DA7212A59AF /* Pods-RssReader.release.xcconfig */,
			);
			path = Pods;
			sourceTree = "<group>";
		};
/* End PBXGroup section */

/* Begin PBXNativeTarget section */
		80FC872D296E00380060D735 /* RssReader */ = {
			isa = PBXNativeTarget;
			buildConfigurationList = 80FC873C296E00390060D735 /* Build configuration list for PBXNativeTarget "RssReader" */;
			buildPhases = (
				662B28ED2DCE17D65A54D645 /* [CP] Check Pods Manifest.lock */,
				80FC872A296E00380060D735 /* Sources */,
				80FC872B296E00380060D735 /* Frameworks */,
				80FC872C296E00380060D735 /* Resources */,
				812A817CE1F921B9144CDCB4 /* [CP] Embed Pods Frameworks */,
			);
			buildRules = (
			);
			dependencies = (
			);
			name = RssReader;
			productName = RssReader;
			productReference = 80FC872E296E00380060D735 /* RssReader.app */;
			productType = "com.apple.product-type.application";
		};
/* End PBXNativeTarget section */

/* Begin PBXProject section */
		80FC8726296E00380060D735 /* Project object */ = {
			isa = PBXProject;
			attributes = {
				BuildIndependentTargetsInParallel = 1;
				LastSwiftUpdateCheck = 1320;
				LastUpgradeCheck = 1320;
				TargetAttributes = {
					80FC872D296E00380060D735 = {
						CreatedOnToolsVersion = 13.2;
					};
				};
			};
			buildConfigurationList = 80FC8729296E00380060D735 /* Build configuration list for PBXProject "RssReader" */;
			compatibilityVersion = "Xcode 13.0";
			developmentRegion = en;
			hasScannedForEncodings = 0;
			knownRegions = (
				en,
				Base,
			);
			mainGroup = 80FC8725296E00380060D735;
			productRefGroup = 80FC872F296E00380060D735 /* Products */;
			projectDirPath = "";
			projectRoot = "";
			targets = (
				80FC872D296E00380060D735 /* RssReader */,
			);
		};
/* End PBXProject section */

/* Begin PBXResourcesBuildPhase section */
		80FC872C296E00380060D735 /* Resources */ = {
			isa = PBXResourcesBuildPhase;
			buildActionMask = 2147483647;
			files = (
				80FC8739296E00390060D735 /* Preview Assets.xcassets in Resources */,
				80FC8736296E00390060D735 /* Assets.xcassets in Resources */,
			);
			runOnlyForDeploymentPostprocessing = 0;
		};
/* End PBXResourcesBuildPhase section */

/* Begin PBXShellScriptBuildPhase section */
		662B28ED2DCE17D65A54D645 /* [CP] Check Pods Manifest.lock */ = {
			isa = PBXShellScriptBuildPhase;
			buildActionMask = 2147483647;
			files = (
			);
			inputFileListPaths = (
			);
			inputPaths = (
				"${PODS_PODFILE_DIR_PATH}/Podfile.lock",
				"${PODS_ROOT}/Manifest.lock",
			);
			name = "[CP] Check Pods Manifest.lock";
			outputFileListPaths = (
			);
			outputPaths = (
				"$(DERIVED_FILE_DIR)/Pods-RssReader-checkManifestLockResult.txt",
			);
			runOnlyForDeploymentPostprocessing = 0;
			shellPath = /bin/sh;
			shellScript = "diff \"${PODS_PODFILE_DIR_PATH}/Podfile.lock\" \"${PODS_ROOT}/Manifest.lock\" > /dev/null\nif [ $? != 0 ] ; then\n    # print error to STDERR\n    echo \"error: The sandbox is not in sync with the Podfile.lock. Run 'pod install' or update your CocoaPods installation.\" >&2\n    exit 1\nfi\n# This output is used by Xcode 'outputs' to avoid re-running this script phase.\necho \"SUCCESS\" > \"${SCRIPT_OUTPUT_FILE_0}\"\n";
			showEnvVarsInLog = 0;
		};
		812A817CE1F921B9144CDCB4 /* [CP] Embed Pods Frameworks */ = {
			isa = PBXShellScriptBuildPhase;
			buildActionMask = 2147483647;
			files = (
			);
			inputFileListPaths = (
				"${PODS_ROOT}/Target Support Files/Pods-RssReader/Pods-RssReader-frameworks-${CONFIGURATION}-input-files.xcfilelist",
			);
			name = "[CP] Embed Pods Frameworks";
			outputFileListPaths = (
				"${PODS_ROOT}/Target Support Files/Pods-RssReader/Pods-RssReader-frameworks-${CONFIGURATION}-output-files.xcfilelist",
			);
			runOnlyForDeploymentPostprocessing = 0;
			shellPath = /bin/sh;
			shellScript = "\"${PODS_ROOT}/Target Support Files/Pods-RssReader/Pods-RssReader-frameworks.sh\"\n";
			showEnvVarsInLog = 0;
		};
/* End PBXShellScriptBuildPhase section */

/* Begin PBXSourcesBuildPhase section */
		80FC872A296E00380060D735 /* Sources */ = {
			isa = PBXSourcesBuildPhase;
			buildActionMask = 2147483647;
			files = (
				80DFAD5E29773CE9006BAED6 /* FeedView.swift in Sources */,
				80FC8734296E00380060D735 /* ContentView.swift in Sources */,
				808A8A8F2979EB8700332431 /* HomeFeedView.swift in Sources */,
				808A8A93297B1D1700332431 /* FeedDTOs.swift in Sources */,
				80DFAD5129772B7C006BAED6 /* SignUpMessage.swift in Sources */,
				808A8A97297F7A1400332431 /* ArticleFeedView.swift in Sources */,
				80883C6C2980770400BCECC6 /* EmailTextField.swift in Sources */,
				80DFAD5C29773B7B006BAED6 /* HomeHeaderView.swift in Sources */,
				80883C702981AD9A00BCECC6 /* UserFormView.swift in Sources */,
				808A8A91297B1A6100332431 /* URL+Extension.swift in Sources */,
				808A8A8A2979D38600332431 /* ModalStore.swift in Sources */,
				809FD951298066630054D45D /* BrandColors.swift in Sources */,
				808A8A992980261200332431 /* ArticleFeedViewModel.swift in Sources */,
				80FC8745296E065F0060D735 /* Network.swift in Sources */,
				80FC8740296E005A0060D735 /* RSSFeedModel.swift in Sources */,
				80883C722981BD8100BCECC6 /* LoginViewModel.swift in Sources */,
				8053FE052970691400AE6EB4 /* LoginView.swift in Sources */,
				80DFAD5A29772FB9006BAED6 /* ArticleModel.swift in Sources */,
				809FD94D2980383E0054D45D /* WebView.swift in Sources */,
				80128D682978E94E0054C6BD /* AlertFormView.swift in Sources */,
				80FC8743296E01730060D735 /* FeedViewModel.swift in Sources */,
				80883C6E2980816A00BCECC6 /* PasswordTextField.swift in Sources */,
				809FD94B2980339C0054D45D /* ArticleView.swift in Sources */,
				8053FE07297089A600AE6EB4 /* HomeView.swift in Sources */,
				80FC8732296E00380060D735 /* RssReaderApp.swift in Sources */,
				808A8A882979C06A00332431 /* RootModalView.swift in Sources */,
				80FC8748296E0A0C0060D735 /* Authentication.swift in Sources */,
				80FC874C296E108F0060D735 /* JsonWebTokenStore.swift in Sources */,
				809FD94F2980614D0054D45D /* ActionButtonView.swift in Sources */,
				80128D6A2978EFF30054C6BD /* Modifiers.swift in Sources */,
				80FC874A296E0AC00060D735 /* User.swift in Sources */,
			);
			runOnlyForDeploymentPostprocessing = 0;
		};
/* End PBXSourcesBuildPhase section */

/* Begin XCBuildConfiguration section */
		80FC873A296E00390060D735 /* Debug */ = {
			isa = XCBuildConfiguration;
			buildSettings = {
				ALWAYS_SEARCH_USER_PATHS = NO;
				CLANG_ANALYZER_NONNULL = YES;
				CLANG_ANALYZER_NUMBER_OBJECT_CONVERSION = YES_AGGRESSIVE;
				CLANG_CXX_LANGUAGE_STANDARD = "gnu++17";
				CLANG_CXX_LIBRARY = "libc++";
				CLANG_ENABLE_MODULES = YES;
				CLANG_ENABLE_OBJC_ARC = YES;
				CLANG_ENABLE_OBJC_WEAK = YES;
				CLANG_WARN_BLOCK_CAPTURE_AUTORELEASING = YES;
				CLANG_WARN_BOOL_CONVERSION = YES;
				CLANG_WARN_COMMA = YES;
				CLANG_WARN_CONSTANT_CONVERSION = YES;
				CLANG_WARN_DEPRECATED_OBJC_IMPLEMENTATIONS = YES;
				CLANG_WARN_DIRECT_OBJC_ISA_USAGE = YES_ERROR;
				CLANG_WARN_DOCUMENTATION_COMMENTS = YES;
				CLANG_WARN_EMPTY_BODY = YES;
				CLANG_WARN_ENUM_CONVERSION = YES;
				CLANG_WARN_INFINITE_RECURSION = YES;
				CLANG_WARN_INT_CONVERSION = YES;
				CLANG_WARN_NON_LITERAL_NULL_CONVERSION = YES;
				CLANG_WARN_OBJC_IMPLICIT_RETAIN_SELF = YES;
				CLANG_WARN_OBJC_LITERAL_CONVERSION = YES;
				CLANG_WARN_OBJC_ROOT_CLASS = YES_ERROR;
				CLANG_WARN_QUOTED_INCLUDE_IN_FRAMEWORK_HEADER = YES;
				CLANG_WARN_RANGE_LOOP_ANALYSIS = YES;
				CLANG_WARN_STRICT_PROTOTYPES = YES;
				CLANG_WARN_SUSPICIOUS_MOVE = YES;
				CLANG_WARN_UNGUARDED_AVAILABILITY = YES_AGGRESSIVE;
				CLANG_WARN_UNREACHABLE_CODE = YES;
				CLANG_WARN__DUPLICATE_METHOD_MATCH = YES;
				COPY_PHASE_STRIP = NO;
				DEBUG_INFORMATION_FORMAT = dwarf;
				ENABLE_STRICT_OBJC_MSGSEND = YES;
				ENABLE_TESTABILITY = YES;
				GCC_C_LANGUAGE_STANDARD = gnu11;
				GCC_DYNAMIC_NO_PIC = NO;
				GCC_NO_COMMON_BLOCKS = YES;
				GCC_OPTIMIZATION_LEVEL = 0;
				GCC_PREPROCESSOR_DEFINITIONS = (
					"DEBUG=1",
					"$(inherited)",
				);
				GCC_WARN_64_TO_32_BIT_CONVERSION = YES;
				GCC_WARN_ABOUT_RETURN_TYPE = YES_ERROR;
				GCC_WARN_UNDECLARED_SELECTOR = YES;
				GCC_WARN_UNINITIALIZED_AUTOS = YES_AGGRESSIVE;
				GCC_WARN_UNUSED_FUNCTION = YES;
				GCC_WARN_UNUSED_VARIABLE = YES;
				IPHONEOS_DEPLOYMENT_TARGET = 15.2;
				MTL_ENABLE_DEBUG_INFO = INCLUDE_SOURCE;
				MTL_FAST_MATH = YES;
				ONLY_ACTIVE_ARCH = YES;
				SDKROOT = iphoneos;
				SWIFT_ACTIVE_COMPILATION_CONDITIONS = DEBUG;
				SWIFT_OPTIMIZATION_LEVEL = "-Onone";
			};
			name = Debug;
		};
		80FC873B296E00390060D735 /* Release */ = {
			isa = XCBuildConfiguration;
			buildSettings = {
				ALWAYS_SEARCH_USER_PATHS = NO;
				CLANG_ANALYZER_NONNULL = YES;
				CLANG_ANALYZER_NUMBER_OBJECT_CONVERSION = YES_AGGRESSIVE;
				CLANG_CXX_LANGUAGE_STANDARD = "gnu++17";
				CLANG_CXX_LIBRARY = "libc++";
				CLANG_ENABLE_MODULES = YES;
				CLANG_ENABLE_OBJC_ARC = YES;
				CLANG_ENABLE_OBJC_WEAK = YES;
				CLANG_WARN_BLOCK_CAPTURE_AUTORELEASING = YES;
				CLANG_WARN_BOOL_CONVERSION = YES;
				CLANG_WARN_COMMA = YES;
				CLANG_WARN_CONSTANT_CONVERSION = YES;
				CLANG_WARN_DEPRECATED_OBJC_IMPLEMENTATIONS = YES;
				CLANG_WARN_DIRECT_OBJC_ISA_USAGE = YES_ERROR;
				CLANG_WARN_DOCUMENTATION_COMMENTS = YES;
				CLANG_WARN_EMPTY_BODY = YES;
				CLANG_WARN_ENUM_CONVERSION = YES;
				CLANG_WARN_INFINITE_RECURSION = YES;
				CLANG_WARN_INT_CONVERSION = YES;
				CLANG_WARN_NON_LITERAL_NULL_CONVERSION = YES;
				CLANG_WARN_OBJC_IMPLICIT_RETAIN_SELF = YES;
				CLANG_WARN_OBJC_LITERAL_CONVERSION = YES;
				CLANG_WARN_OBJC_ROOT_CLASS = YES_ERROR;
				CLANG_WARN_QUOTED_INCLUDE_IN_FRAMEWORK_HEADER = YES;
				CLANG_WARN_RANGE_LOOP_ANALYSIS = YES;
				CLANG_WARN_STRICT_PROTOTYPES = YES;
				CLANG_WARN_SUSPICIOUS_MOVE = YES;
				CLANG_WARN_UNGUARDED_AVAILABILITY = YES_AGGRESSIVE;
				CLANG_WARN_UNREACHABLE_CODE = YES;
				CLANG_WARN__DUPLICATE_METHOD_MATCH = YES;
				COPY_PHASE_STRIP = NO;
				DEBUG_INFORMATION_FORMAT = "dwarf-with-dsym";
				ENABLE_NS_ASSERTIONS = NO;
				ENABLE_STRICT_OBJC_MSGSEND = YES;
				GCC_C_LANGUAGE_STANDARD = gnu11;
				GCC_NO_COMMON_BLOCKS = YES;
				GCC_WARN_64_TO_32_BIT_CONVERSION = YES;
				GCC_WARN_ABOUT_RETURN_TYPE = YES_ERROR;
				GCC_WARN_UNDECLARED_SELECTOR = YES;
				GCC_WARN_UNINITIALIZED_AUTOS = YES_AGGRESSIVE;
				GCC_WARN_UNUSED_FUNCTION = YES;
				GCC_WARN_UNUSED_VARIABLE = YES;
				IPHONEOS_DEPLOYMENT_TARGET = 15.2;
				MTL_ENABLE_DEBUG_INFO = NO;
				MTL_FAST_MATH = YES;
				SDKROOT = iphoneos;
				SWIFT_COMPILATION_MODE = wholemodule;
				SWIFT_OPTIMIZATION_LEVEL = "-O";
				VALIDATE_PRODUCT = YES;
			};
			name = Release;
		};
		80FC873D296E00390060D735 /* Debug */ = {
			isa = XCBuildConfiguration;
			baseConfigurationReference = F84E0D896D83B92D2C6BE79B /* Pods-RssReader.debug.xcconfig */;
			buildSettings = {
				ASSETCATALOG_COMPILER_APPICON_NAME = AppIcon;
				ASSETCATALOG_COMPILER_GLOBAL_ACCENT_COLOR_NAME = AccentColor;
				CODE_SIGN_STYLE = Automatic;
				CURRENT_PROJECT_VERSION = 1;
				DEVELOPMENT_ASSET_PATHS = "\"RssReader/Preview Content\"";
				DEVELOPMENT_TEAM = 86YM68FFQF;
				ENABLE_PREVIEWS = YES;
				GENERATE_INFOPLIST_FILE = YES;
				INFOPLIST_FILE = RssReader/Info.plist;
				INFOPLIST_KEY_UIApplicationSceneManifest_Generation = YES;
				INFOPLIST_KEY_UIApplicationSupportsIndirectInputEvents = YES;
				INFOPLIST_KEY_UILaunchScreen_Generation = YES;
				INFOPLIST_KEY_UISupportedInterfaceOrientations_iPad = "UIInterfaceOrientationPortrait UIInterfaceOrientationPortraitUpsideDown UIInterfaceOrientationLandscapeLeft UIInterfaceOrientationLandscapeRight";
				INFOPLIST_KEY_UISupportedInterfaceOrientations_iPhone = "UIInterfaceOrientationPortrait UIInterfaceOrientationLandscapeLeft UIInterfaceOrientationLandscapeRight";
				LD_RUNPATH_SEARCH_PATHS = (
					"$(inherited)",
					"@executable_path/Frameworks",
				);
				MARKETING_VERSION = 1.0;
				PRODUCT_BUNDLE_IDENTIFIER = Bomma.RssReader;
				PRODUCT_NAME = "$(TARGET_NAME)";
				SWIFT_EMIT_LOC_STRINGS = YES;
				SWIFT_VERSION = 5.0;
				TARGETED_DEVICE_FAMILY = "1,2";
			};
			name = Debug;
		};
		80FC873E296E00390060D735 /* Release */ = {
			isa = XCBuildConfiguration;
			baseConfigurationReference = A05D1785074F8DA7212A59AF /* Pods-RssReader.release.xcconfig */;
			buildSettings = {
				ASSETCATALOG_COMPILER_APPICON_NAME = AppIcon;
				ASSETCATALOG_COMPILER_GLOBAL_ACCENT_COLOR_NAME = AccentColor;
				CODE_SIGN_STYLE = Automatic;
				CURRENT_PROJECT_VERSION = 1;
				DEVELOPMENT_ASSET_PATHS = "\"RssReader/Preview Content\"";
				DEVELOPMENT_TEAM = 86YM68FFQF;
				ENABLE_PREVIEWS = YES;
				GENERATE_INFOPLIST_FILE = YES;
				INFOPLIST_FILE = RssReader/Info.plist;
				INFOPLIST_KEY_UIApplicationSceneManifest_Generation = YES;
				INFOPLIST_KEY_UIApplicationSupportsIndirectInputEvents = YES;
				INFOPLIST_KEY_UILaunchScreen_Generation = YES;
				INFOPLIST_KEY_UISupportedInterfaceOrientations_iPad = "UIInterfaceOrientationPortrait UIInterfaceOrientationPortraitUpsideDown UIInterfaceOrientationLandscapeLeft UIInterfaceOrientationLandscapeRight";
				INFOPLIST_KEY_UISupportedInterfaceOrientations_iPhone = "UIInterfaceOrientationPortrait UIInterfaceOrientationLandscapeLeft UIInterfaceOrientationLandscapeRight";
				LD_RUNPATH_SEARCH_PATHS = (
					"$(inherited)",
					"@executable_path/Frameworks",
				);
				MARKETING_VERSION = 1.0;
				PRODUCT_BUNDLE_IDENTIFIER = Bomma.RssReader;
				PRODUCT_NAME = "$(TARGET_NAME)";
				SWIFT_EMIT_LOC_STRINGS = YES;
				SWIFT_VERSION = 5.0;
				TARGETED_DEVICE_FAMILY = "1,2";
			};
			name = Release;
		};
/* End XCBuildConfiguration section */

/* Begin XCConfigurationList section */
		80FC8729296E00380060D735 /* Build configuration list for PBXProject "RssReader" */ = {
			isa = XCConfigurationList;
			buildConfigurations = (
				80FC873A296E00390060D735 /* Debug */,
				80FC873B296E00390060D735 /* Release */,
			);
			defaultConfigurationIsVisible = 0;
			defaultConfigurationName = Release;
		};
		80FC873C296E00390060D735 /* Build configuration list for PBXNativeTarget "RssReader" */ = {
			isa = XCConfigurationList;
			buildConfigurations = (
				80FC873D296E00390060D735 /* Debug */,
				80FC873E296E00390060D735 /* Release */,
			);
			defaultConfigurationIsVisible = 0;
			defaultConfigurationName = Release;
		};
/* End XCConfigurationList section */
	};
	rootObject = 80FC8726296E00380060D735 /* Project object */;
}
